
Microsoft Visual Studio Solution File, Format Version 12.00
# Visual Studio 15
VisualStudioVersion = 15.0.28307.421
MinimumVisualStudioVersion = 10.0.40219.1
Project("{FAE04EC0-301F-11D3-BF4B-00C04F79EFBC}") = "WpfApp1", "WpfApp1\WpfApp1.csproj", "{C558489F-669A-4AF9-BED1-56D535AA7893}"
EndProject
Global
	GlobalSection(SolutionConfigurationPlatforms) = preSolution
		Debug|Any CPU = Debug|Any CPU
		Release|Any CPU = Release|Any CPU
	EndGlobalSection
	GlobalSection(ProjectConfigurationPlatforms) = postSolution
		{C558489F-669A-4AF9-BED1-56D535AA7893}.Debug|Any CPU.ActiveCfg = Debug|Any CPU
		{C558489F-669A-4AF9-BED1-56D535AA7893}.Debug|Any CPU.Build.0 = Debug|Any CPU
		{C558489F-669A-4AF9-BED1-56D535AA7893}.Release|Any CPU.ActiveCfg = Release|Any CPU
		{C558489F-669A-4AF9-BED1-56D535AA7893}.Release|Any CPU.Build.0 = Release|Any CPU
	EndGlobalSection
	GlobalSection(SolutionProperties) = preSolution
		HideSolutionNode = FALSE
	EndGlobalSection
	GlobalSection(ExtensibilityGlobals) = postSolution
		SolutionGuid = {44DCFE3B-30C4-4D89-AD84-8C072C02161F}
	EndGlobalSection
EndGlobal
